
Microsoft Visual Studio Solution File, Format Version 12.00
# Visual Studio Version 17
VisualStudioVersion = 17.5.33502.453
MinimumVisualStudioVersion = 10.0.40219.1
Project("{FAE04EC0-301F-11D3-BF4B-00C04F79EFBC}") = "ProductsApp", "ProductsApp\ProductsApp.csproj", "{8E183B68-41A6-4BCE-A81A-1C2498C0567B}"
EndProject
Project("{FAE04EC0-301F-11D3-BF4B-00C04F79EFBC}") = "UnitTestProject1", "UnitTestProject1\UnitTestProject1.csproj", "{CF3D92D1-436E-4B12-B178-4E561EF401A5}"
EndProject
Global
	GlobalSection(SolutionConfigurationPlatforms) = preSolution
		Debug|Any CPU = Debug|Any CPU
		Release|Any CPU = Release|Any CPU
	EndGlobalSection
	GlobalSection(ProjectConfigurationPlatforms) = postSolution
		{8E183B68-41A6-4BCE-A81A-1C2498C0567B}.Debug|Any CPU.ActiveCfg = Debug|Any CPU
		{8E183B68-41A6-4BCE-A81A-1C2498C0567B}.Debug|Any CPU.Build.0 = Debug|Any CPU
		{8E183B68-41A6-4BCE-A81A-1C2498C0567B}.Release|Any CPU.ActiveCfg = Release|Any CPU
		{8E183B68-41A6-4BCE-A81A-1C2498C0567B}.Release|Any CPU.Build.0 = Release|Any CPU
		{CF3D92D1-436E-4B12-B178-4E561EF401A5}.Debug|Any CPU.ActiveCfg = Debug|Any CPU
		{CF3D92D1-436E-4B12-B178-4E561EF401A5}.Debug|Any CPU.Build.0 = Debug|Any CPU
		{CF3D92D1-436E-4B12-B178-4E561EF401A5}.Release|Any CPU.ActiveCfg = Release|Any CPU
		{CF3D92D1-436E-4B12-B178-4E561EF401A5}.Release|Any CPU.Build.0 = Release|Any CPU
	EndGlobalSection
	GlobalSection(SolutionProperties) = preSolution
		HideSolutionNode = FALSE
	EndGlobalSection
	GlobalSection(ExtensibilityGlobals) = postSolution
		SolutionGuid = {F41006B5-A657-41F6-8CC3-151249E9C79C}
	EndGlobalSection
EndGlobal
